
Microsoft Visual Studio Solution File, Format Version 12.00
# Visual Studio 15
VisualStudioVersion = 15.0.27428.2037
MinimumVisualStudioVersion = 10.0.40219.1
Project("{FAE04EC0-301F-11D3-BF4B-00C04F79EFBC}") = "PrimeNumber", "PrimeNumber\PrimeNumber.csproj", "{A66DF777-C836-48E7-9CD1-026FAED369DB}"
EndProject
Global
	GlobalSection(SolutionConfigurationPlatforms) = preSolution
		Debug|Any CPU = Debug|Any CPU
		Release|Any CPU = Release|Any CPU
	EndGlobalSection
	GlobalSection(ProjectConfigurationPlatforms) = postSolution
		{A66DF777-C836-48E7-9CD1-026FAED369DB}.Debug|Any CPU.ActiveCfg = Debug|Any CPU
		{A66DF777-C836-48E7-9CD1-026FAED369DB}.Debug|Any CPU.Build.0 = Debug|Any CPU
		{A66DF777-C836-48E7-9CD1-026FAED369DB}.Release|Any CPU.ActiveCfg = Release|Any CPU
		{A66DF777-C836-48E7-9CD1-026FAED369DB}.Release|Any CPU.Build.0 = Release|Any CPU
	EndGlobalSection
	GlobalSection(SolutionProperties) = preSolution
		HideSolutionNode = FALSE
	EndGlobalSection
	GlobalSection(ExtensibilityGlobals) = postSolution
		SolutionGuid = {90454D43-C64F-4280-A9DE-528B09F4E199}
	EndGlobalSection
EndGlobal
